
Microsoft Visual Studio Solution File, Format Version 12.00
# Visual Studio Version 17
VisualStudioVersion = 17.7.34031.279
MinimumVisualStudioVersion = 10.0.40219.1
Project("{FAE04EC0-301F-11D3-BF4B-00C04F79EFBC}") = "Practica 10, unidad 3", "Practica 10, unidad 3.csproj", "{F4219C39-F49F-4E30-BD6D-5E42D2E982E2}"
EndProject
Global
	GlobalSection(SolutionConfigurationPlatforms) = preSolution
		Debug|Any CPU = Debug|Any CPU
		Release|Any CPU = Release|Any CPU
	EndGlobalSection
	GlobalSection(ProjectConfigurationPlatforms) = postSolution
		{F4219C39-F49F-4E30-BD6D-5E42D2E982E2}.Debug|Any CPU.ActiveCfg = Debug|Any CPU
		{F4219C39-F49F-4E30-BD6D-5E42D2E982E2}.Debug|Any CPU.Build.0 = Debug|Any CPU
		{F4219C39-F49F-4E30-BD6D-5E42D2E982E2}.Release|Any CPU.ActiveCfg = Release|Any CPU
		{F4219C39-F49F-4E30-BD6D-5E42D2E982E2}.Release|Any CPU.Build.0 = Release|Any CPU
	EndGlobalSection
	GlobalSection(SolutionProperties) = preSolution
		HideSolutionNode = FALSE
	EndGlobalSection
	GlobalSection(ExtensibilityGlobals) = postSolution
		SolutionGuid = {6816ED60-DF02-4F60-94FE-F186AFC99215}
	EndGlobalSection
EndGlobal
